
Microsoft Visual Studio Solution File, Format Version 11.00
# Visual Studio 2010
Project("{FAE04EC0-301F-11D3-BF4B-00C04F79EFBC}") = "Card Game", "Card Game\Card Game.csproj", "{DE66F0B2-F460-43DB-A6F3-F4FECC2BB4FA}"
EndProject
Global
	GlobalSection(SolutionConfigurationPlatforms) = preSolution
		Debug|x86 = Debug|x86
		Release|x86 = Release|x86
	EndGlobalSection
	GlobalSection(ProjectConfigurationPlatforms) = postSolution
		{DE66F0B2-F460-43DB-A6F3-F4FECC2BB4FA}.Debug|x86.ActiveCfg = Debug|x86
		{DE66F0B2-F460-43DB-A6F3-F4FECC2BB4FA}.Debug|x86.Build.0 = Debug|x86
		{DE66F0B2-F460-43DB-A6F3-F4FECC2BB4FA}.Release|x86.ActiveCfg = Release|x86
		{DE66F0B2-F460-43DB-A6F3-F4FECC2BB4FA}.Release|x86.Build.0 = Release|x86
	EndGlobalSection
	GlobalSection(SolutionProperties) = preSolution
		HideSolutionNode = FALSE
	EndGlobalSection
EndGlobal
